// !$*UTF8*$!
{
	archiveVersion = 1;
	classes = {
	};
	objectVersion = 77;
	objects = {

/* Begin PBXBuildFile section */
		ECD00E4C2F27F56D00F599AC /* Supabase in Frameworks */ = {isa = PBXBuildFile; productRef = EC0779C32F26C00100D71EB2 /* Supabase */; };
		ECD00E932F27F5D600F599AC /* Clerk in Frameworks */ = {isa = PBXBuildFile; productRef = ECD00E922F27F5D600F599AC /* Clerk */; };
/* End PBXBuildFile section */

/* Begin PBXFileReference section */
		EC0779B32F26B2B000D71EB2 /* lambdas-xi-chapter.app */ = {isa = PBXFileReference; explicitFileType = wrapper.application; includeInIndex = 0; path = "lambdas-xi-chapter.app"; sourceTree = BUILT_PRODUCTS_DIR; };
		ECF9B8752F2BC63B006A70B9 /* Secrets.xcconfig */ = {isa = PBXFileReference; lastKnownFileType = text.xcconfig; path = Secrets.xcconfig; sourceTree = "<group>"; };
		ECF9B8772F2BC64F006A70B9 /* CLERK_SETUP_GUIDE.md */ = {isa = PBXFileReference; lastKnownFileType = net.daringfireball.markdown; path = CLERK_SETUP_GUIDE.md; sourceTree = "<group>"; };
		ECF9B8782F2BC64F006A70B9 /* DEBUG_STEPS.md */ = {isa = PBXFileReference; lastKnownFileType = net.daringfireball.markdown; path = DEBUG_STEPS.md; sourceTree = "<group>"; };
		ECF9B8792F2BC64F006A70B9 /* design_spec.md */ = {isa = PBXFileReference; lastKnownFileType = net.daringfireball.markdown; path = design_spec.md; sourceTree = "<group>"; };
		ECF9B87A2F2BC64F006A70B9 /* MIGRATION_SUMMARY.md */ = {isa = PBXFileReference; lastKnownFileType = net.daringfireball.markdown; path = MIGRATION_SUMMARY.md; sourceTree = "<group>"; };
		ECF9B87B2F2BC64F006A70B9 /* PRODUCTION_AUTH_GUIDE.md */ = {isa = PBXFileReference; lastKnownFileType = net.daringfireball.markdown; path = PRODUCTION_AUTH_GUIDE.md; sourceTree = "<group>"; };
		ECF9B87C2F2BC64F006A70B9 /* QUICK_START.md */ = {isa = PBXFileReference; lastKnownFileType = net.daringfireball.markdown; path = QUICK_START.md; sourceTree = "<group>"; };
		ECF9B87D2F2BC64F006A70B9 /* SUPABASE_SETUP.md */ = {isa = PBXFileReference; lastKnownFileType = net.daringfireball.markdown; path = SUPABASE_SETUP.md; sourceTree = "<group>"; };
		ECF9B87E2F2BC64F006A70B9 /* TEMP_TESTING_SETUP.md */ = {isa = PBXFileReference; lastKnownFileType = net.daringfireball.markdown; path = TEMP_TESTING_SETUP.md; sourceTree = "<group>"; };
		ECF9B87F2F2BC64F006A70B9 /* USERNAME_PASSWORD_SETUP.md */ = {isa = PBXFileReference; lastKnownFileType = net.daringfireball.markdown; path = USERNAME_PASSWORD_SETUP.md; sourceTree = "<group>"; };
		ECF9B8812F2BC65A006A70B9 /* cli-latest */ = {isa = PBXFileReference; lastKnownFileType = text; path = "cli-latest"; sourceTree = "<group>"; };
		ECF9B8822F2BC65A006A70B9 /* gotrue-version */ = {isa = PBXFileReference; lastKnownFileType = text; path = "gotrue-version"; sourceTree = "<group>"; };
		ECF9B8832F2BC65A006A70B9 /* pooler-url */ = {isa = PBXFileReference; lastKnownFileType = text; path = "pooler-url"; sourceTree = "<group>"; };
		ECF9B8842F2BC65A006A70B9 /* postgres-version */ = {isa = PBXFileReference; lastKnownFileType = text; path = "postgres-version"; sourceTree = "<group>"; };
		ECF9B8852F2BC65A006A70B9 /* project-ref */ = {isa = PBXFileReference; lastKnownFileType = text; path = "project-ref"; sourceTree = "<group>"; };
		ECF9B8862F2BC65A006A70B9 /* rest-version */ = {isa = PBXFileReference; lastKnownFileType = text; path = "rest-version"; sourceTree = "<group>"; };
		ECF9B8872F2BC65A006A70B9 /* storage-migration */ = {isa = PBXFileReference; lastKnownFileType = text; path = "storage-migration"; sourceTree = "<group>"; };
		ECF9B8882F2BC65A006A70B9 /* storage-version */ = {isa = PBXFileReference; lastKnownFileType = text; path = "storage-version"; sourceTree = "<group>"; };
		ECF9B88A2F2BC65A006A70B9 /* index.ts */ = {isa = PBXFileReference; lastKnownFileType = sourcecode.typescript; path = index.ts; sourceTree = "<group>"; };
		ECF9B88D2F2BC65A006A70B9 /* 20250125000001_initial_schema.sql */ = {isa = PBXFileReference; lastKnownFileType = text; path = 20250125000001_initial_schema.sql; sourceTree = "<group>"; };
		ECF9B88E2F2BC65A006A70B9 /* 20250126000001_add_username_auth.sql */ = {isa = PBXFileReference; lastKnownFileType = text; path = 20250126000001_add_username_auth.sql; sourceTree = "<group>"; };
		ECF9B88F2F2BC65A006A70B9 /* 20250126000002_clerk_auth_migration.sql */ = {isa = PBXFileReference; lastKnownFileType = text; path = 20250126000002_clerk_auth_migration.sql; sourceTree = "<group>"; };
		ECF9B8912F2BC65A006A70B9 /* config.toml */ = {isa = PBXFileReference; lastKnownFileType = text; path = config.toml; sourceTree = "<group>"; };
/* End PBXFileReference section */

/* Begin PBXFileSystemSynchronizedBuildFileExceptionSet section */
		EC0779C22F26B52300D71EB2 /* Exceptions for "lambdas-xi-chapter" folder in "lambdas-xi-chapter" target */ = {
			isa = PBXFileSystemSynchronizedBuildFileExceptionSet;
			membershipExceptions = (
				Info.plist,
			);
			target = EC0779B22F26B2B000D71EB2 /* lambdas-xi-chapter */;
		};
/* End PBXFileSystemSynchronizedBuildFileExceptionSet section */

/* Begin PBXFileSystemSynchronizedRootGroup section */
		EC0779B52F26B2B000D71EB2 /* lambdas-xi-chapter */ = {
			isa = PBXFileSystemSynchronizedRootGroup;
			exceptions = (
				EC0779C22F26B52300D71EB2 /* Exceptions for "lambdas-xi-chapter" folder in "lambdas-xi-chapter" target */,
			);
			path = "lambdas-xi-chapter";
			sourceTree = "<group>";
		};
/* End PBXFileSystemSynchronizedRootGroup section */

/* Begin PBXFrameworksBuildPhase section */
		EC0779B02F26B2B000D71EB2 /* Frameworks */ = {
			isa = PBXFrameworksBuildPhase;
			buildActionMask = 2147483647;
			files = (
				ECD00E932F27F5D600F599AC /* Clerk in Frameworks */,
				ECD00E4C2F27F56D00F599AC /* Supabase in Frameworks */,
			);
			runOnlyForDeploymentPostprocessing = 0;
		};
/* End PBXFrameworksBuildPhase section */

/* Begin PBXGroup section */
		EC0779AA2F26B2B000D71EB2 = {
			isa = PBXGroup;
			children = (
				EC0779B52F26B2B000D71EB2 /* lambdas-xi-chapter */,
				EC0779B42F26B2B000D71EB2 /* Products */,
				ECF9B8762F2BC63B006A70B9 /* Configs */,
				ECF9B8802F2BC64F006A70B9 /* docs */,
				ECF9B8922F2BC65A006A70B9 /* supabase */,
			);
			sourceTree = "<group>";
		};
		EC0779B42F26B2B000D71EB2 /* Products */ = {
			isa = PBXGroup;
			children = (
				EC0779B32F26B2B000D71EB2 /* lambdas-xi-chapter.app */,
			);
			name = Products;
			sourceTree = "<group>";
		};
		ECF9B8762F2BC63B006A70B9 /* Configs */ = {
			isa = PBXGroup;
			children = (
				ECF9B8752F2BC63B006A70B9 /* Secrets.xcconfig */,
			);
			path = Configs;
			sourceTree = "<group>";
		};
		ECF9B8802F2BC64F006A70B9 /* docs */ = {
			isa = PBXGroup;
			children = (
				ECF9B8772F2BC64F006A70B9 /* CLERK_SETUP_GUIDE.md */,
				ECF9B8782F2BC64F006A70B9 /* DEBUG_STEPS.md */,
				ECF9B8792F2BC64F006A70B9 /* design_spec.md */,
				ECF9B87A2F2BC64F006A70B9 /* MIGRATION_SUMMARY.md */,
				ECF9B87B2F2BC64F006A70B9 /* PRODUCTION_AUTH_GUIDE.md */,
				ECF9B87C2F2BC64F006A70B9 /* QUICK_START.md */,
				ECF9B87D2F2BC64F006A70B9 /* SUPABASE_SETUP.md */,
				ECF9B87E2F2BC64F006A70B9 /* TEMP_TESTING_SETUP.md */,
				ECF9B87F2F2BC64F006A70B9 /* USERNAME_PASSWORD_SETUP.md */,
			);
			path = docs;
			sourceTree = "<group>";
		};
		ECF9B8892F2BC65A006A70B9 /* .temp */ = {
			isa = PBXGroup;
			children = (
				ECF9B8812F2BC65A006A70B9 /* cli-latest */,
				ECF9B8822F2BC65A006A70B9 /* gotrue-version */,
				ECF9B8832F2BC65A006A70B9 /* pooler-url */,
				ECF9B8842F2BC65A006A70B9 /* postgres-version */,
				ECF9B8852F2BC65A006A70B9 /* project-ref */,
				ECF9B8862F2BC65A006A70B9 /* rest-version */,
				ECF9B8872F2BC65A006A70B9 /* storage-migration */,
				ECF9B8882F2BC65A006A70B9 /* storage-version */,
			);
			path = .temp;
			sourceTree = "<group>";
		};
		ECF9B88B2F2BC65A006A70B9 /* auth-complete */ = {
			isa = PBXGroup;
			children = (
				ECF9B88A2F2BC65A006A70B9 /* index.ts */,
			);
			path = "auth-complete";
			sourceTree = "<group>";
		};
		ECF9B88C2F2BC65A006A70B9 /* functions */ = {
			isa = PBXGroup;
			children = (
				ECF9B88B2F2BC65A006A70B9 /* auth-complete */,
			);
			path = functions;
			sourceTree = "<group>";
		};
		ECF9B8902F2BC65A006A70B9 /* migrations */ = {
			isa = PBXGroup;
			children = (
				ECF9B88D2F2BC65A006A70B9 /* 20250125000001_initial_schema.sql */,
				ECF9B88E2F2BC65A006A70B9 /* 20250126000001_add_username_auth.sql */,
				ECF9B88F2F2BC65A006A70B9 /* 20250126000002_clerk_auth_migration.sql */,
			);
			path = migrations;
			sourceTree = "<group>";
		};
		ECF9B8922F2BC65A006A70B9 /* supabase */ = {
			isa = PBXGroup;
			children = (
				ECF9B8892F2BC65A006A70B9 /* .temp */,
				ECF9B88C2F2BC65A006A70B9 /* functions */,
				ECF9B8902F2BC65A006A70B9 /* migrations */,
				ECF9B8912F2BC65A006A70B9 /* config.toml */,
			);
			path = supabase;
			sourceTree = "<group>";
		};
/* End PBXGroup section */

/* Begin PBXNativeTarget section */
		EC0779B22F26B2B000D71EB2 /* lambdas-xi-chapter */ = {
			isa = PBXNativeTarget;
			buildConfigurationList = EC0779BE2F26B2B100D71EB2 /* Build configuration list for PBXNativeTarget "lambdas-xi-chapter" */;
			buildPhases = (
				EC0779AF2F26B2B000D71EB2 /* Sources */,
				EC0779B02F26B2B000D71EB2 /* Frameworks */,
				EC0779B12F26B2B000D71EB2 /* Resources */,
			);
			buildRules = (
			);
			dependencies = (
			);
			fileSystemSynchronizedGroups = (
				EC0779B52F26B2B000D71EB2 /* lambdas-xi-chapter */,
			);
			name = "lambdas-xi-chapter";
			packageProductDependencies = (
				EC0779C32F26C00100D71EB2 /* Supabase */,
				ECD00E922F27F5D600F599AC /* Clerk */,
			);
			productName = "lambdas-xi-chapter";
			productReference = EC0779B32F26B2B000D71EB2 /* lambdas-xi-chapter.app */;
			productType = "com.apple.product-type.application";
		};
/* End PBXNativeTarget section */

/* Begin PBXProject section */
		EC0779AB2F26B2B000D71EB2 /* Project object */ = {
			isa = PBXProject;
			attributes = {
				BuildIndependentTargetsInParallel = 1;
				LastSwiftUpdateCheck = 2620;
				LastUpgradeCheck = 2620;
				TargetAttributes = {
					EC0779B22F26B2B000D71EB2 = {
						CreatedOnToolsVersion = 26.2;
					};
				};
			};
			buildConfigurationList = EC0779AE2F26B2B000D71EB2 /* Build configuration list for PBXProject "lambdas-xi-chapter" */;
			developmentRegion = en;
			hasScannedForEncodings = 0;
			knownRegions = (
				en,
				Base,
			);
			mainGroup = EC0779AA2F26B2B000D71EB2;
			minimizedProjectReferenceProxies = 1;
			packageReferences = (
				EC0779C12F26C00100D71EB2 /* XCRemoteSwiftPackageReference "supabase-swift" */,
				ECD00E912F27F5D600F599AC /* XCRemoteSwiftPackageReference "clerk-ios" */,
			);
			preferredProjectObjectVersion = 77;
			productRefGroup = EC0779B42F26B2B000D71EB2 /* Products */;
			projectDirPath = "";
			projectRoot = "";
			targets = (
				EC0779B22F26B2B000D71EB2 /* lambdas-xi-chapter */,
			);
		};
/* End PBXProject section */

/* Begin PBXResourcesBuildPhase section */
		EC0779B12F26B2B000D71EB2 /* Resources */ = {
			isa = PBXResourcesBuildPhase;
			buildActionMask = 2147483647;
			files = (
			);
			runOnlyForDeploymentPostprocessing = 0;
		};
/* End PBXResourcesBuildPhase section */

/* Begin PBXSourcesBuildPhase section */
		EC0779AF2F26B2B000D71EB2 /* Sources */ = {
			isa = PBXSourcesBuildPhase;
			buildActionMask = 2147483647;
			files = (
			);
			runOnlyForDeploymentPostprocessing = 0;
		};
/* End PBXSourcesBuildPhase section */

/* Begin XCBuildConfiguration section */
		EC0779BC2F26B2B100D71EB2 /* Debug */ = {
			isa = XCBuildConfiguration;
			buildSettings = {
				ALWAYS_SEARCH_USER_PATHS = NO;
				ASSETCATALOG_COMPILER_GENERATE_SWIFT_ASSET_SYMBOL_EXTENSIONS = YES;
				CLANG_ANALYZER_NONNULL = YES;
				CLANG_ANALYZER_NUMBER_OBJECT_CONVERSION = YES_AGGRESSIVE;
				CLANG_CXX_LANGUAGE_STANDARD = "gnu++20";
				CLANG_ENABLE_MODULES = YES;
				CLANG_ENABLE_OBJC_ARC = YES;
				CLANG_ENABLE_OBJC_WEAK = YES;
				CLANG_WARN_BLOCK_CAPTURE_AUTORELEASING = YES;
				CLANG_WARN_BOOL_CONVERSION = YES;
				CLANG_WARN_COMMA = YES;
				CLANG_WARN_CONSTANT_CONVERSION = YES;
				CLANG_WARN_DEPRECATED_OBJC_IMPLEMENTATIONS = YES;
				CLANG_WARN_DIRECT_OBJC_ISA_USAGE = YES_ERROR;
				CLANG_WARN_DOCUMENTATION_COMMENTS = YES;
				CLANG_WARN_EMPTY_BODY = YES;
				CLANG_WARN_ENUM_CONVERSION = YES;
				CLANG_WARN_INFINITE_RECURSION = YES;
				CLANG_WARN_INT_CONVERSION = YES;
				CLANG_WARN_NON_LITERAL_NULL_CONVERSION = YES;
				CLANG_WARN_OBJC_IMPLICIT_RETAIN_SELF = YES;
				CLANG_WARN_OBJC_LITERAL_CONVERSION = YES;
				CLANG_WARN_OBJC_ROOT_CLASS = YES_ERROR;
				CLANG_WARN_QUOTED_INCLUDE_IN_FRAMEWORK_HEADER = YES;
				CLANG_WARN_RANGE_LOOP_ANALYSIS = YES;
				CLANG_WARN_STRICT_PROTOTYPES = YES;
				CLANG_WARN_SUSPICIOUS_MOVE = YES;
				CLANG_WARN_UNGUARDED_AVAILABILITY = YES_AGGRESSIVE;
				CLANG_WARN_UNREACHABLE_CODE = YES;
				CLANG_WARN__DUPLICATE_METHOD_MATCH = YES;
				COPY_PHASE_STRIP = NO;
				DEBUG_INFORMATION_FORMAT = dwarf;
				ENABLE_STRICT_OBJC_MSGSEND = YES;
				ENABLE_TESTABILITY = YES;
				ENABLE_USER_SCRIPT_SANDBOXING = YES;
				GCC_C_LANGUAGE_STANDARD = gnu17;
				GCC_DYNAMIC_NO_PIC = NO;
				GCC_NO_COMMON_BLOCKS = YES;
				GCC_OPTIMIZATION_LEVEL = 0;
				GCC_PREPROCESSOR_DEFINITIONS = (
					"DEBUG=1",
					"$(inherited)",
				);
				GCC_WARN_64_TO_32_BIT_CONVERSION = YES;
				GCC_WARN_ABOUT_RETURN_TYPE = YES_ERROR;
				GCC_WARN_UNDECLARED_SELECTOR = YES;
				GCC_WARN_UNINITIALIZED_AUTOS = YES_AGGRESSIVE;
				GCC_WARN_UNUSED_FUNCTION = YES;
				GCC_WARN_UNUSED_VARIABLE = YES;
				LOCALIZATION_PREFERS_STRING_CATALOGS = YES;
				MTL_ENABLE_DEBUG_INFO = INCLUDE_SOURCE;
				MTL_FAST_MATH = YES;
				ONLY_ACTIVE_ARCH = YES;
				SWIFT_ACTIVE_COMPILATION_CONDITIONS = "DEBUG $(inherited)";
				SWIFT_OPTIMIZATION_LEVEL = "-Onone";
			};
			name = Debug;
		};
		EC0779BD2F26B2B100D71EB2 /* Release */ = {
			isa = XCBuildConfiguration;
			buildSettings = {
				ALWAYS_SEARCH_USER_PATHS = NO;
				ASSETCATALOG_COMPILER_GENERATE_SWIFT_ASSET_SYMBOL_EXTENSIONS = YES;
				CLANG_ANALYZER_NONNULL = YES;
				CLANG_ANALYZER_NUMBER_OBJECT_CONVERSION = YES_AGGRESSIVE;
				CLANG_CXX_LANGUAGE_STANDARD = "gnu++20";
				CLANG_ENABLE_MODULES = YES;
				CLANG_ENABLE_OBJC_ARC = YES;
				CLANG_ENABLE_OBJC_WEAK = YES;
				CLANG_WARN_BLOCK_CAPTURE_AUTORELEASING = YES;
				CLANG_WARN_BOOL_CONVERSION = YES;
				CLANG_WARN_COMMA = YES;
				CLANG_WARN_CONSTANT_CONVERSION = YES;
				CLANG_WARN_DEPRECATED_OBJC_IMPLEMENTATIONS = YES;
				CLANG_WARN_DIRECT_OBJC_ISA_USAGE = YES_ERROR;
				CLANG_WARN_DOCUMENTATION_COMMENTS = YES;
				CLANG_WARN_EMPTY_BODY = YES;
				CLANG_WARN_ENUM_CONVERSION = YES;
				CLANG_WARN_INFINITE_RECURSION = YES;
				CLANG_WARN_INT_CONVERSION = YES;
				CLANG_WARN_NON_LITERAL_NULL_CONVERSION = YES;
				CLANG_WARN_OBJC_IMPLICIT_RETAIN_SELF = YES;
				CLANG_WARN_OBJC_LITERAL_CONVERSION = YES;
				CLANG_WARN_OBJC_ROOT_CLASS = YES_ERROR;
				CLANG_WARN_QUOTED_INCLUDE_IN_FRAMEWORK_HEADER = YES;
				CLANG_WARN_RANGE_LOOP_ANALYSIS = YES;
				CLANG_WARN_STRICT_PROTOTYPES = YES;
				CLANG_WARN_SUSPICIOUS_MOVE = YES;
				CLANG_WARN_UNGUARDED_AVAILABILITY = YES_AGGRESSIVE;
				CLANG_WARN_UNREACHABLE_CODE = YES;
				CLANG_WARN__DUPLICATE_METHOD_MATCH = YES;
				COPY_PHASE_STRIP = NO;
				DEBUG_INFORMATION_FORMAT = "dwarf-with-dsym";
				ENABLE_NS_ASSERTIONS = NO;
				ENABLE_STRICT_OBJC_MSGSEND = YES;
				ENABLE_USER_SCRIPT_SANDBOXING = YES;
				GCC_C_LANGUAGE_STANDARD = gnu17;
				GCC_NO_COMMON_BLOCKS = YES;
				GCC_WARN_64_TO_32_BIT_CONVERSION = YES;
				GCC_WARN_ABOUT_RETURN_TYPE = YES_ERROR;
				GCC_WARN_UNDECLARED_SELECTOR = YES;
				GCC_WARN_UNINITIALIZED_AUTOS = YES_AGGRESSIVE;
				GCC_WARN_UNUSED_FUNCTION = YES;
				GCC_WARN_UNUSED_VARIABLE = YES;
				LOCALIZATION_PREFERS_STRING_CATALOGS = YES;
				MTL_ENABLE_DEBUG_INFO = NO;
				MTL_FAST_MATH = YES;
				SWIFT_COMPILATION_MODE = wholemodule;
			};
			name = Release;
		};
		EC0779BF2F26B2B100D71EB2 /* Debug */ = {
			isa = XCBuildConfiguration;
			baseConfigurationReference = ECF9B8752F2BC63B006A70B9 /* Secrets.xcconfig */;
			buildSettings = {
				ASSETCATALOG_COMPILER_APPICON_NAME = AppIcon;
				ASSETCATALOG_COMPILER_GLOBAL_ACCENT_COLOR_NAME = AccentColor;
				CODE_SIGN_STYLE = Automatic;
				CURRENT_PROJECT_VERSION = 1;
				ENABLE_APP_SANDBOX = YES;
				ENABLE_PREVIEWS = YES;
				ENABLE_USER_SELECTED_FILES = readonly;
				GENERATE_INFOPLIST_FILE = YES;
				INFOPLIST_FILE = "lambdas-xi-chapter/Info.plist";
				"INFOPLIST_KEY_UIApplicationSceneManifest_Generation[sdk=iphoneos*]" = YES;
				"INFOPLIST_KEY_UIApplicationSceneManifest_Generation[sdk=iphonesimulator*]" = YES;
				"INFOPLIST_KEY_UIApplicationSupportsIndirectInputEvents[sdk=iphoneos*]" = YES;
				"INFOPLIST_KEY_UIApplicationSupportsIndirectInputEvents[sdk=iphonesimulator*]" = YES;
				"INFOPLIST_KEY_UILaunchScreen_Generation[sdk=iphoneos*]" = YES;
				"INFOPLIST_KEY_UILaunchScreen_Generation[sdk=iphonesimulator*]" = YES;
				"INFOPLIST_KEY_UIStatusBarStyle[sdk=iphoneos*]" = UIStatusBarStyleDefault;
				"INFOPLIST_KEY_UIStatusBarStyle[sdk=iphonesimulator*]" = UIStatusBarStyleDefault;
				INFOPLIST_KEY_UISupportedInterfaceOrientations_iPad = "UIInterfaceOrientationPortrait UIInterfaceOrientationPortraitUpsideDown UIInterfaceOrientationLandscapeLeft UIInterfaceOrientationLandscapeRight";
				INFOPLIST_KEY_UISupportedInterfaceOrientations_iPhone = "UIInterfaceOrientationPortrait UIInterfaceOrientationLandscapeLeft UIInterfaceOrientationLandscapeRight";
				IPHONEOS_DEPLOYMENT_TARGET = 26.2;
				LD_RUNPATH_SEARCH_PATHS = "@executable_path/Frameworks";
				"LD_RUNPATH_SEARCH_PATHS[sdk=macosx*]" = "@executable_path/../Frameworks";
				MACOSX_DEPLOYMENT_TARGET = 15.7;
				MARKETING_VERSION = 1.0;
				PRODUCT_BUNDLE_IDENTIFIER = "Nicholas.lambdas-xi-chapter";
				PRODUCT_NAME = "$(TARGET_NAME)";
				REGISTER_APP_GROUPS = YES;
				SDKROOT = auto;
				STRING_CATALOG_GENERATE_SYMBOLS = YES;
				SUPPORTED_PLATFORMS = "iphoneos iphonesimulator macosx xros xrsimulator";
				SWIFT_APPROACHABLE_CONCURRENCY = YES;
				SWIFT_DEFAULT_ACTOR_ISOLATION = MainActor;
				SWIFT_EMIT_LOC_STRINGS = YES;
				SWIFT_UPCOMING_FEATURE_MEMBER_IMPORT_VISIBILITY = YES;
				SWIFT_VERSION = 5.0;
				TARGETED_DEVICE_FAMILY = "1,2,7";
				XROS_DEPLOYMENT_TARGET = 26.2;
			};
			name = Debug;
		};
		EC0779C02F26B2B100D71EB2 /* Release */ = {
			isa = XCBuildConfiguration;
			baseConfigurationReference = ECF9B8752F2BC63B006A70B9 /* Secrets.xcconfig */;
			buildSettings = {
				ASSETCATALOG_COMPILER_APPICON_NAME = AppIcon;
				ASSETCATALOG_COMPILER_GLOBAL_ACCENT_COLOR_NAME = AccentColor;
				CODE_SIGN_STYLE = Automatic;
				CURRENT_PROJECT_VERSION = 1;
				ENABLE_APP_SANDBOX = YES;
				ENABLE_PREVIEWS = YES;
				ENABLE_USER_SELECTED_FILES = readonly;
				GENERATE_INFOPLIST_FILE = YES;
				INFOPLIST_FILE = "lambdas-xi-chapter/Info.plist";
				"INFOPLIST_KEY_UIApplicationSceneManifest_Generation[sdk=iphoneos*]" = YES;
				"INFOPLIST_KEY_UIApplicationSceneManifest_Generation[sdk=iphonesimulator*]" = YES;
				"INFOPLIST_KEY_UIApplicationSupportsIndirectInputEvents[sdk=iphoneos*]" = YES;
				"INFOPLIST_KEY_UIApplicationSupportsIndirectInputEvents[sdk=iphonesimulator*]" = YES;
				"INFOPLIST_KEY_UILaunchScreen_Generation[sdk=iphoneos*]" = YES;
				"INFOPLIST_KEY_UILaunchScreen_Generation[sdk=iphonesimulator*]" = YES;
				"INFOPLIST_KEY_UIStatusBarStyle[sdk=iphoneos*]" = UIStatusBarStyleDefault;
				"INFOPLIST_KEY_UIStatusBarStyle[sdk=iphonesimulator*]" = UIStatusBarStyleDefault;
				INFOPLIST_KEY_UISupportedInterfaceOrientations_iPad = "UIInterfaceOrientationPortrait UIInterfaceOrientationPortraitUpsideDown UIInterfaceOrientationLandscapeLeft UIInterfaceOrientationLandscapeRight";
				INFOPLIST_KEY_UISupportedInterfaceOrientations_iPhone = "UIInterfaceOrientationPortrait UIInterfaceOrientationLandscapeLeft UIInterfaceOrientationLandscapeRight";
				IPHONEOS_DEPLOYMENT_TARGET = 26.2;
				LD_RUNPATH_SEARCH_PATHS = "@executable_path/Frameworks";
				"LD_RUNPATH_SEARCH_PATHS[sdk=macosx*]" = "@executable_path/../Frameworks";
				MACOSX_DEPLOYMENT_TARGET = 15.7;
				MARKETING_VERSION = 1.0;
				PRODUCT_BUNDLE_IDENTIFIER = "Nicholas.lambdas-xi-chapter";
				PRODUCT_NAME = "$(TARGET_NAME)";
				REGISTER_APP_GROUPS = YES;
				SDKROOT = auto;
				STRING_CATALOG_GENERATE_SYMBOLS = YES;
				SUPPORTED_PLATFORMS = "iphoneos iphonesimulator macosx xros xrsimulator";
				SWIFT_APPROACHABLE_CONCURRENCY = YES;
				SWIFT_DEFAULT_ACTOR_ISOLATION = MainActor;
				SWIFT_EMIT_LOC_STRINGS = YES;
				SWIFT_UPCOMING_FEATURE_MEMBER_IMPORT_VISIBILITY = YES;
				SWIFT_VERSION = 5.0;
				TARGETED_DEVICE_FAMILY = "1,2,7";
				XROS_DEPLOYMENT_TARGET = 26.2;
			};
			name = Release;
		};
/* End XCBuildConfiguration section */

/* Begin XCConfigurationList section */
		EC0779AE2F26B2B000D71EB2 /* Build configuration list for PBXProject "lambdas-xi-chapter" */ = {
			isa = XCConfigurationList;
			buildConfigurations = (
				EC0779BC2F26B2B100D71EB2 /* Debug */,
				EC0779BD2F26B2B100D71EB2 /* Release */,
			);
			defaultConfigurationIsVisible = 0;
			defaultConfigurationName = Release;
		};
		EC0779BE2F26B2B100D71EB2 /* Build configuration list for PBXNativeTarget "lambdas-xi-chapter" */ = {
			isa = XCConfigurationList;
			buildConfigurations = (
				EC0779BF2F26B2B100D71EB2 /* Debug */,
				EC0779C02F26B2B100D71EB2 /* Release */,
			);
			defaultConfigurationIsVisible = 0;
			defaultConfigurationName = Release;
		};
/* End XCConfigurationList section */

/* Begin XCRemoteSwiftPackageReference section */
		EC0779C12F26C00100D71EB2 /* XCRemoteSwiftPackageReference "supabase-swift" */ = {
			isa = XCRemoteSwiftPackageReference;
			repositoryURL = "https://github.com/supabase/supabase-swift";
			requirement = {
				kind = upToNextMajorVersion;
				minimumVersion = 2.0.0;
			};
		};
		ECD00E912F27F5D600F599AC /* XCRemoteSwiftPackageReference "clerk-ios" */ = {
			isa = XCRemoteSwiftPackageReference;
			repositoryURL = "https://github.com/clerk/clerk-ios";
			requirement = {
				kind = upToNextMajorVersion;
				minimumVersion = 0.71.4;
			};
		};
/* End XCRemoteSwiftPackageReference section */

/* Begin XCSwiftPackageProductDependency section */
		EC0779C32F26C00100D71EB2 /* Supabase */ = {
			isa = XCSwiftPackageProductDependency;
			package = EC0779C12F26C00100D71EB2 /* XCRemoteSwiftPackageReference "supabase-swift" */;
			productName = Supabase;
		};
		ECD00E922F27F5D600F599AC /* Clerk */ = {
			isa = XCSwiftPackageProductDependency;
			package = ECD00E912F27F5D600F599AC /* XCRemoteSwiftPackageReference "clerk-ios" */;
			productName = Clerk;
		};
/* End XCSwiftPackageProductDependency section */
	};
	rootObject = EC0779AB2F26B2B000D71EB2 /* Project object */;
}
